
Microsoft Visual Studio Solution File, Format Version 12.00
Project("{FAE04EC0-301F-11D3-BF4B-00C04F79EFBC}") = "SimpleTelegramBot", "SimpleTelegramBot\SimpleTelegramBot.csproj", "{B8A45789-38CB-4C71-A678-F4DD0A1F9538}"
EndProject
Global
	GlobalSection(SolutionConfigurationPlatforms) = preSolution
		Debug|Any CPU = Debug|Any CPU
		Release|Any CPU = Release|Any CPU
	EndGlobalSection
	GlobalSection(ProjectConfigurationPlatforms) = postSolution
		{B8A45789-38CB-4C71-A678-F4DD0A1F9538}.Debug|Any CPU.ActiveCfg = Debug|Any CPU
		{B8A45789-38CB-4C71-A678-F4DD0A1F9538}.Debug|Any CPU.Build.0 = Debug|Any CPU
		{B8A45789-38CB-4C71-A678-F4DD0A1F9538}.Release|Any CPU.ActiveCfg = Release|Any CPU
		{B8A45789-38CB-4C71-A678-F4DD0A1F9538}.Release|Any CPU.Build.0 = Release|Any CPU
	EndGlobalSection
EndGlobal
